// !$*UTF8*$!
{
	archiveVersion = 1;
	classes = {
	};
	objectVersion = 46;
	objects = {

/* Begin PBXBuildFile section */
		18202A6B1B96D3A300D41249 /* myHitupCell.swift in Sources */ = {isa = PBXBuildFile; fileRef = 18202A6A1B96D3A300D41249 /* myHitupCell.swift */; };
		182789CD1B9A9C87003EF969 /* GoogleService-Info.plist in Resources */ = {isa = PBXBuildFile; fileRef = 182789CC1B9A9C87003EF969 /* GoogleService-Info.plist */; };
		1836611E1BA8C62800C608D6 /* PermissionRelatedCalls.swift in Sources */ = {isa = PBXBuildFile; fileRef = 1836611D1BA8C62800C608D6 /* PermissionRelatedCalls.swift */; };
		184A71FB1B965254002194B0 /* HitupModel.xcdatamodeld in Sources */ = {isa = PBXBuildFile; fileRef = 184A71F91B965254002194B0 /* HitupModel.xcdatamodeld */; };
		184A72311B96638E002194B0 /* Hitup.swift in Sources */ = {isa = PBXBuildFile; fileRef = 184A72301B96638E002194B0 /* Hitup.swift */; };
		185C1E2A1BA0CA6600D079DC /* Parse.framework in Frameworks */ = {isa = PBXBuildFile; fileRef = 185C1E241BA0CA6600D079DC /* Parse.framework */; };
		185C1E2B1BA0CA6600D079DC /* ParseCrashReporting.framework in Frameworks */ = {isa = PBXBuildFile; fileRef = 185C1E251BA0CA6600D079DC /* ParseCrashReporting.framework */; };
		185C1E2D1BA0CA6600D079DC /* ParseFacebookUtilsV4.framework in Frameworks */ = {isa = PBXBuildFile; fileRef = 185C1E271BA0CA6600D079DC /* ParseFacebookUtilsV4.framework */; };
		185C1E2E1BA0CA6600D079DC /* ParseTwitterUtils.framework in Frameworks */ = {isa = PBXBuildFile; fileRef = 185C1E281BA0CA6600D079DC /* ParseTwitterUtils.framework */; };
		185C1E2F1BA0CA6600D079DC /* ParseUI.framework in Frameworks */ = {isa = PBXBuildFile; fileRef = 185C1E291BA0CA6600D079DC /* ParseUI.framework */; };
		185C1E311BA0CABC00D079DC /* AudioToolbox.framework in Frameworks */ = {isa = PBXBuildFile; fileRef = 185C1E301BA0CABC00D079DC /* AudioToolbox.framework */; };
		185C1E331BA0CAC200D079DC /* CFNetwork.framework in Frameworks */ = {isa = PBXBuildFile; fileRef = 185C1E321BA0CAC200D079DC /* CFNetwork.framework */; };
		185C1E351BA0CACB00D079DC /* CoreGraphics.framework in Frameworks */ = {isa = PBXBuildFile; fileRef = 185C1E341BA0CACB00D079DC /* CoreGraphics.framework */; };
		185C1E371BA0CAD200D079DC /* CoreLocation.framework in Frameworks */ = {isa = PBXBuildFile; fileRef = 185C1E361BA0CAD200D079DC /* CoreLocation.framework */; };
		185C1E391BA0CAD900D079DC /* QuartzCore.framework in Frameworks */ = {isa = PBXBuildFile; fileRef = 185C1E381BA0CAD900D079DC /* QuartzCore.framework */; };
		185C1E3B1BA0CAE000D079DC /* Security.framework in Frameworks */ = {isa = PBXBuildFile; fileRef = 185C1E3A1BA0CAE000D079DC /* Security.framework */; };
		185C1E3D1BA0CAE600D079DC /* StoreKit.framework in Frameworks */ = {isa = PBXBuildFile; fileRef = 185C1E3C1BA0CAE600D079DC /* StoreKit.framework */; };
		185C1E3F1BA0CAED00D079DC /* SystemConfiguration.framework in Frameworks */ = {isa = PBXBuildFile; fileRef = 185C1E3E1BA0CAED00D079DC /* SystemConfiguration.framework */; };
		185C1E411BA0CAF600D079DC /* libz.dylib in Frameworks */ = {isa = PBXBuildFile; fileRef = 185C1E401BA0CAF600D079DC /* libz.dylib */; };
		185C1E431BA0CAFD00D079DC /* libsqlite3.dylib in Frameworks */ = {isa = PBXBuildFile; fileRef = 185C1E421BA0CAFD00D079DC /* libsqlite3.dylib */; };
		185C1E461BA2092800D079DC /* ExploreMap.swift in Sources */ = {isa = PBXBuildFile; fileRef = 185C1E451BA2092800D079DC /* ExploreMap.swift */; };
		1870DABD1BACFD35008D04E7 /* HitupCalloutView.swift in Sources */ = {isa = PBXBuildFile; fileRef = 1870DABC1BACFD35008D04E7 /* HitupCalloutView.swift */; };
		1870DAC71BAD075B008D04E7 /* HitupCalloutView.xib in Resources */ = {isa = PBXBuildFile; fileRef = 1870DAC61BAD075B008D04E7 /* HitupCalloutView.xib */; };
		1870DAC91BAD2D89008D04E7 /* HitupAnnotationView.swift in Sources */ = {isa = PBXBuildFile; fileRef = 1870DAC81BAD2D89008D04E7 /* HitupAnnotationView.swift */; };
		1884E5941BAE92230092C1D6 /* ProfileMapView.swift in Sources */ = {isa = PBXBuildFile; fileRef = 1884E5931BAE92230092C1D6 /* ProfileMapView.swift */; };
		1889CE141BA26AAE00A38C6B /* HitupAnnotation.swift in Sources */ = {isa = PBXBuildFile; fileRef = 1889CE131BA26AAE00A38C6B /* HitupAnnotation.swift */; };
		18B48F291B879B970032C193 /* AppDelegate.swift in Sources */ = {isa = PBXBuildFile; fileRef = 18B48F281B879B970032C193 /* AppDelegate.swift */; };
		18B48F301B879B970032C193 /* Main.storyboard in Resources */ = {isa = PBXBuildFile; fileRef = 18B48F2E1B879B970032C193 /* Main.storyboard */; };
		18B48F321B879B970032C193 /* Images.xcassets in Resources */ = {isa = PBXBuildFile; fileRef = 18B48F311B879B970032C193 /* Images.xcassets */; };
		18B48F351B879B970032C193 /* LaunchScreen.xib in Resources */ = {isa = PBXBuildFile; fileRef = 18B48F331B879B970032C193 /* LaunchScreen.xib */; };
		18B48F411B879B970032C193 /* HitupMeTests.swift in Sources */ = {isa = PBXBuildFile; fileRef = 18B48F401B879B970032C193 /* HitupMeTests.swift */; };
		18B48F4B1B879F260032C193 /* HitupFeed.swift in Sources */ = {isa = PBXBuildFile; fileRef = 18B48F4A1B879F260032C193 /* HitupFeed.swift */; };
		18B48F4D1B87B0280032C193 /* ExploreTable.swift in Sources */ = {isa = PBXBuildFile; fileRef = 18B48F4C1B87B0280032C193 /* ExploreTable.swift */; };
		18B48F4F1B87B2D90032C193 /* MyHitupsTab.swift in Sources */ = {isa = PBXBuildFile; fileRef = 18B48F4E1B87B2D90032C193 /* MyHitupsTab.swift */; };
		18B48F511B87B3E50032C193 /* HitupCell.swift in Sources */ = {isa = PBXBuildFile; fileRef = 18B48F501B87B3E50032C193 /* HitupCell.swift */; };
		18B48F541B87D8090032C193 /* DefaultNavController.swift in Sources */ = {isa = PBXBuildFile; fileRef = 18B48F531B87D8080032C193 /* DefaultNavController.swift */; };
		18B48F561B87E02A0032C193 /* Functions.swift in Sources */ = {isa = PBXBuildFile; fileRef = 18B48F551B87E02A0032C193 /* Functions.swift */; };
		18B48F5A1B87E9370032C193 /* CreateController.swift in Sources */ = {isa = PBXBuildFile; fileRef = 18B48F591B87E9370032C193 /* CreateController.swift */; };
		18B48F5E1B88FEA90032C193 /* HitupDetailViewController.swift in Sources */ = {isa = PBXBuildFile; fileRef = 18B48F5D1B88FEA90032C193 /* HitupDetailViewController.swift */; };
		18BFF53D1BAA8C450037CF9D /* BoardingViewController.swift in Sources */ = {isa = PBXBuildFile; fileRef = 18BFF53C1BAA8C450037CF9D /* BoardingViewController.swift */; };
		18BFF53F1BAA8F550037CF9D /* OnboardScreen.swift in Sources */ = {isa = PBXBuildFile; fileRef = 18BFF53E1BAA8F550037CF9D /* OnboardScreen.swift */; };
		18D24D9D1B8B9A950098F4D9 /* DetailActionCell.swift in Sources */ = {isa = PBXBuildFile; fileRef = 18D24D9C1B8B9A950098F4D9 /* DetailActionCell.swift */; };
		18D24DA51B8BE58E0098F4D9 /* FacebookSDKStrings.bundle in Resources */ = {isa = PBXBuildFile; fileRef = 18D24D9F1B8BE58E0098F4D9 /* FacebookSDKStrings.bundle */; };
		18D24DA61B8BE58E0098F4D9 /* FBAudienceNetwork.framework in Frameworks */ = {isa = PBXBuildFile; fileRef = 18D24DA01B8BE58E0098F4D9 /* FBAudienceNetwork.framework */; };
		18D24DA71B8BE58E0098F4D9 /* FBSDKCoreKit.framework in Frameworks */ = {isa = PBXBuildFile; fileRef = 18D24DA11B8BE58E0098F4D9 /* FBSDKCoreKit.framework */; };
		18D24DA81B8BE58E0098F4D9 /* FBSDKLoginKit.framework in Frameworks */ = {isa = PBXBuildFile; fileRef = 18D24DA21B8BE58E0098F4D9 /* FBSDKLoginKit.framework */; };
		18D24DA91B8BE58E0098F4D9 /* FBSDKMessengerShareKit.framework in Frameworks */ = {isa = PBXBuildFile; fileRef = 18D24DA31B8BE58E0098F4D9 /* FBSDKMessengerShareKit.framework */; };
		18D24DAA1B8BE58E0098F4D9 /* FBSDKShareKit.framework in Frameworks */ = {isa = PBXBuildFile; fileRef = 18D24DA41B8BE58E0098F4D9 /* FBSDKShareKit.framework */; };
		18D24DAC1B8BE5950098F4D9 /* Bolts.framework in Frameworks */ = {isa = PBXBuildFile; fileRef = 18D24DAB1B8BE5950098F4D9 /* Bolts.framework */; };
		18D24DB21B8BE9A60098F4D9 /* LoginViewController.swift in Sources */ = {isa = PBXBuildFile; fileRef = 18D24DB11B8BE9A60098F4D9 /* LoginViewController.swift */; };
		18E2BEB71BABE1C90066A38C /* TabBarController.swift in Sources */ = {isa = PBXBuildFile; fileRef = 18E2BEB61BABE1C90066A38C /* TabBarController.swift */; };
		18E2D6FA1B8FE461009783D7 /* BackendAPI.swift in Sources */ = {isa = PBXBuildFile; fileRef = 18E2D6F91B8FE461009783D7 /* BackendAPI.swift */; };
		18E2D6FC1B901A87009783D7 /* LocationManager.swift in Sources */ = {isa = PBXBuildFile; fileRef = 18E2D6FB1B901A87009783D7 /* LocationManager.swift */; };
		18E2D6FF1B911CDD009783D7 /* Model.swift in Sources */ = {isa = PBXBuildFile; fileRef = 18E2D6FE1B911CDD009783D7 /* Model.swift */; };
		18E2D7031B925555009783D7 /* NotificationFeed.swift in Sources */ = {isa = PBXBuildFile; fileRef = 18E2D7021B925555009783D7 /* NotificationFeed.swift */; };
		18E2D7051B926B3D009783D7 /* HighLevelCalls.swift in Sources */ = {isa = PBXBuildFile; fileRef = 18E2D7041B926B3D009783D7 /* HighLevelCalls.swift */; };
		18F8C05B1BA500AC0035724A /* IntroViewController.swift in Sources */ = {isa = PBXBuildFile; fileRef = 18F8C05A1BA500AC0035724A /* IntroViewController.swift */; };
		18F8C05D1BA504BC0035724A /* UserTable.swift in Sources */ = {isa = PBXBuildFile; fileRef = 18F8C05C1BA504BC0035724A /* UserTable.swift */; };
		18F8C05F1BA54D8D0035724A /* userTableCell.swift in Sources */ = {isa = PBXBuildFile; fileRef = 18F8C05E1BA54D8D0035724A /* userTableCell.swift */; };
/* End PBXBuildFile section */

/* Begin PBXContainerItemProxy section */
		18B48F3B1B879B970032C193 /* PBXContainerItemProxy */ = {
			isa = PBXContainerItemProxy;
			containerPortal = 18B48F1B1B879B970032C193 /* Project object */;
			proxyType = 1;
			remoteGlobalIDString = 18B48F221B879B970032C193;
			remoteInfo = HitupMe;
		};
/* End PBXContainerItemProxy section */

/* Begin PBXFileReference section */
		18202A6A1B96D3A300D41249 /* myHitupCell.swift */ = {isa = PBXFileReference; fileEncoding = 4; lastKnownFileType = sourcecode.swift; path = myHitupCell.swift; sourceTree = "<group>"; };
		182789CC1B9A9C87003EF969 /* GoogleService-Info.plist */ = {isa = PBXFileReference; fileEncoding = 4; lastKnownFileType = text.plist.xml; path = "GoogleService-Info.plist"; sourceTree = "<group>"; };
		1836611D1BA8C62800C608D6 /* PermissionRelatedCalls.swift */ = {isa = PBXFileReference; fileEncoding = 4; lastKnownFileType = sourcecode.swift; path = PermissionRelatedCalls.swift; sourceTree = "<group>"; };
		184A71FA1B965254002194B0 /* HitupModel.xcdatamodel */ = {isa = PBXFileReference; lastKnownFileType = wrapper.xcdatamodel; path = HitupModel.xcdatamodel; sourceTree = "<group>"; };
		184A72301B96638E002194B0 /* Hitup.swift */ = {isa = PBXFileReference; fileEncoding = 4; lastKnownFileType = sourcecode.swift; name = Hitup.swift; path = ../Hitup.swift; sourceTree = "<group>"; };
		185C1E241BA0CA6600D079DC /* Parse.framework */ = {isa = PBXFileReference; lastKnownFileType = wrapper.framework; path = Parse.framework; sourceTree = "<group>"; };
		185C1E251BA0CA6600D079DC /* ParseCrashReporting.framework */ = {isa = PBXFileReference; lastKnownFileType = wrapper.framework; path = ParseCrashReporting.framework; sourceTree = "<group>"; };
		185C1E261BA0CA6600D079DC /* ParseFacebookUtils.framework */ = {isa = PBXFileReference; lastKnownFileType = wrapper.framework; path = ParseFacebookUtils.framework; sourceTree = "<group>"; };
		185C1E271BA0CA6600D079DC /* ParseFacebookUtilsV4.framework */ = {isa = PBXFileReference; lastKnownFileType = wrapper.framework; path = ParseFacebookUtilsV4.framework; sourceTree = "<group>"; };
		185C1E281BA0CA6600D079DC /* ParseTwitterUtils.framework */ = {isa = PBXFileReference; lastKnownFileType = wrapper.framework; path = ParseTwitterUtils.framework; sourceTree = "<group>"; };
		185C1E291BA0CA6600D079DC /* ParseUI.framework */ = {isa = PBXFileReference; lastKnownFileType = wrapper.framework; path = ParseUI.framework; sourceTree = "<group>"; };
		185C1E301BA0CABC00D079DC /* AudioToolbox.framework */ = {isa = PBXFileReference; lastKnownFileType = wrapper.framework; name = AudioToolbox.framework; path = System/Library/Frameworks/AudioToolbox.framework; sourceTree = SDKROOT; };
		185C1E321BA0CAC200D079DC /* CFNetwork.framework */ = {isa = PBXFileReference; lastKnownFileType = wrapper.framework; name = CFNetwork.framework; path = System/Library/Frameworks/CFNetwork.framework; sourceTree = SDKROOT; };
		185C1E341BA0CACB00D079DC /* CoreGraphics.framework */ = {isa = PBXFileReference; lastKnownFileType = wrapper.framework; name = CoreGraphics.framework; path = System/Library/Frameworks/CoreGraphics.framework; sourceTree = SDKROOT; };
		185C1E361BA0CAD200D079DC /* CoreLocation.framework */ = {isa = PBXFileReference; lastKnownFileType = wrapper.framework; name = CoreLocation.framework; path = System/Library/Frameworks/CoreLocation.framework; sourceTree = SDKROOT; };
		185C1E381BA0CAD900D079DC /* QuartzCore.framework */ = {isa = PBXFileReference; lastKnownFileType = wrapper.framework; name = QuartzCore.framework; path = System/Library/Frameworks/QuartzCore.framework; sourceTree = SDKROOT; };
		185C1E3A1BA0CAE000D079DC /* Security.framework */ = {isa = PBXFileReference; lastKnownFileType = wrapper.framework; name = Security.framework; path = System/Library/Frameworks/Security.framework; sourceTree = SDKROOT; };
		185C1E3C1BA0CAE600D079DC /* StoreKit.framework */ = {isa = PBXFileReference; lastKnownFileType = wrapper.framework; name = StoreKit.framework; path = System/Library/Frameworks/StoreKit.framework; sourceTree = SDKROOT; };
		185C1E3E1BA0CAED00D079DC /* SystemConfiguration.framework */ = {isa = PBXFileReference; lastKnownFileType = wrapper.framework; name = SystemConfiguration.framework; path = System/Library/Frameworks/SystemConfiguration.framework; sourceTree = SDKROOT; };
		185C1E401BA0CAF600D079DC /* libz.dylib */ = {isa = PBXFileReference; lastKnownFileType = "compiled.mach-o.dylib"; name = libz.dylib; path = usr/lib/libz.dylib; sourceTree = SDKROOT; };
		185C1E421BA0CAFD00D079DC /* libsqlite3.dylib */ = {isa = PBXFileReference; lastKnownFileType = "compiled.mach-o.dylib"; name = libsqlite3.dylib; path = usr/lib/libsqlite3.dylib; sourceTree = SDKROOT; };
		185C1E451BA2092800D079DC /* ExploreMap.swift */ = {isa = PBXFileReference; fileEncoding = 4; lastKnownFileType = sourcecode.swift; path = ExploreMap.swift; sourceTree = "<group>"; };
		1870DABC1BACFD35008D04E7 /* HitupCalloutView.swift */ = {isa = PBXFileReference; fileEncoding = 4; lastKnownFileType = sourcecode.swift; path = HitupCalloutView.swift; sourceTree = "<group>"; };
		1870DAC61BAD075B008D04E7 /* HitupCalloutView.xib */ = {isa = PBXFileReference; fileEncoding = 4; lastKnownFileType = file.xib; path = HitupCalloutView.xib; sourceTree = "<group>"; };
		1870DAC81BAD2D89008D04E7 /* HitupAnnotationView.swift */ = {isa = PBXFileReference; fileEncoding = 4; lastKnownFileType = sourcecode.swift; path = HitupAnnotationView.swift; sourceTree = "<group>"; };
		1884E5931BAE92230092C1D6 /* ProfileMapView.swift */ = {isa = PBXFileReference; fileEncoding = 4; lastKnownFileType = sourcecode.swift; path = ProfileMapView.swift; sourceTree = "<group>"; };
		1889CE131BA26AAE00A38C6B /* HitupAnnotation.swift */ = {isa = PBXFileReference; fileEncoding = 4; lastKnownFileType = sourcecode.swift; path = HitupAnnotation.swift; sourceTree = "<group>"; };
		18B48F231B879B970032C193 /* HitupMe.app */ = {isa = PBXFileReference; explicitFileType = wrapper.application; includeInIndex = 0; path = HitupMe.app; sourceTree = BUILT_PRODUCTS_DIR; };
		18B48F271B879B970032C193 /* Info.plist */ = {isa = PBXFileReference; lastKnownFileType = text.plist.xml; path = Info.plist; sourceTree = "<group>"; };
		18B48F281B879B970032C193 /* AppDelegate.swift */ = {isa = PBXFileReference; lastKnownFileType = sourcecode.swift; path = AppDelegate.swift; sourceTree = "<group>"; };
		18B48F2F1B879B970032C193 /* Base */ = {isa = PBXFileReference; lastKnownFileType = file.storyboard; name = Base; path = Base.lproj/Main.storyboard; sourceTree = "<group>"; };
		18B48F311B879B970032C193 /* Images.xcassets */ = {isa = PBXFileReference; lastKnownFileType = folder.assetcatalog; path = Images.xcassets; sourceTree = "<group>"; };
		18B48F341B879B970032C193 /* Base */ = {isa = PBXFileReference; lastKnownFileType = file.xib; name = Base; path = Base.lproj/LaunchScreen.xib; sourceTree = "<group>"; };
		18B48F3A1B879B970032C193 /* HitupMeTests.xctest */ = {isa = PBXFileReference; explicitFileType = wrapper.cfbundle; includeInIndex = 0; path = HitupMeTests.xctest; sourceTree = BUILT_PRODUCTS_DIR; };
		18B48F3F1B879B970032C193 /* Info.plist */ = {isa = PBXFileReference; lastKnownFileType = text.plist.xml; path = Info.plist; sourceTree = "<group>"; };
		18B48F401B879B970032C193 /* HitupMeTests.swift */ = {isa = PBXFileReference; lastKnownFileType = sourcecode.swift; path = HitupMeTests.swift; sourceTree = "<group>"; };
		18B48F4A1B879F260032C193 /* HitupFeed.swift */ = {isa = PBXFileReference; fileEncoding = 4; lastKnownFileType = sourcecode.swift; path = HitupFeed.swift; sourceTree = "<group>"; };
		18B48F4C1B87B0280032C193 /* ExploreTable.swift */ = {isa = PBXFileReference; fileEncoding = 4; lastKnownFileType = sourcecode.swift; path = ExploreTable.swift; sourceTree = "<group>"; };
		18B48F4E1B87B2D90032C193 /* MyHitupsTab.swift */ = {isa = PBXFileReference; fileEncoding = 4; lastKnownFileType = sourcecode.swift; path = MyHitupsTab.swift; sourceTree = "<group>"; };
		18B48F501B87B3E50032C193 /* HitupCell.swift */ = {isa = PBXFileReference; fileEncoding = 4; lastKnownFileType = sourcecode.swift; path = HitupCell.swift; sourceTree = "<group>"; };
		18B48F531B87D8080032C193 /* DefaultNavController.swift */ = {isa = PBXFileReference; fileEncoding = 4; lastKnownFileType = sourcecode.swift; path = DefaultNavController.swift; sourceTree = "<group>"; };
		18B48F551B87E02A0032C193 /* Functions.swift */ = {isa = PBXFileReference; fileEncoding = 4; lastKnownFileType = sourcecode.swift; path = Functions.swift; sourceTree = "<group>"; };
		18B48F591B87E9370032C193 /* CreateController.swift */ = {isa = PBXFileReference; fileEncoding = 4; lastKnownFileType = sourcecode.swift; path = CreateController.swift; sourceTree = "<group>"; };
		18B48F5D1B88FEA90032C193 /* HitupDetailViewController.swift */ = {isa = PBXFileReference; fileEncoding = 4; lastKnownFileType = sourcecode.swift; path = HitupDetailViewController.swift; sourceTree = "<group>"; };
		18BFF53C1BAA8C450037CF9D /* BoardingViewController.swift */ = {isa = PBXFileReference; fileEncoding = 4; lastKnownFileType = sourcecode.swift; path = BoardingViewController.swift; sourceTree = "<group>"; };
		18BFF53E1BAA8F550037CF9D /* OnboardScreen.swift */ = {isa = PBXFileReference; fileEncoding = 4; lastKnownFileType = sourcecode.swift; path = OnboardScreen.swift; sourceTree = "<group>"; };
		18D24D9C1B8B9A950098F4D9 /* DetailActionCell.swift */ = {isa = PBXFileReference; fileEncoding = 4; lastKnownFileType = sourcecode.swift; path = DetailActionCell.swift; sourceTree = "<group>"; };
		18D24D9F1B8BE58E0098F4D9 /* FacebookSDKStrings.bundle */ = {isa = PBXFileReference; lastKnownFileType = "wrapper.plug-in"; path = FacebookSDKStrings.bundle; sourceTree = "<group>"; };
		18D24DA01B8BE58E0098F4D9 /* FBAudienceNetwork.framework */ = {isa = PBXFileReference; lastKnownFileType = wrapper.framework; path = FBAudienceNetwork.framework; sourceTree = "<group>"; };
		18D24DA11B8BE58E0098F4D9 /* FBSDKCoreKit.framework */ = {isa = PBXFileReference; lastKnownFileType = wrapper.framework; path = FBSDKCoreKit.framework; sourceTree = "<group>"; };
		18D24DA21B8BE58E0098F4D9 /* FBSDKLoginKit.framework */ = {isa = PBXFileReference; lastKnownFileType = wrapper.framework; path = FBSDKLoginKit.framework; sourceTree = "<group>"; };
		18D24DA31B8BE58E0098F4D9 /* FBSDKMessengerShareKit.framework */ = {isa = PBXFileReference; lastKnownFileType = wrapper.framework; path = FBSDKMessengerShareKit.framework; sourceTree = "<group>"; };
		18D24DA41B8BE58E0098F4D9 /* FBSDKShareKit.framework */ = {isa = PBXFileReference; lastKnownFileType = wrapper.framework; path = FBSDKShareKit.framework; sourceTree = "<group>"; };
		18D24DAB1B8BE5950098F4D9 /* Bolts.framework */ = {isa = PBXFileReference; lastKnownFileType = wrapper.framework; path = Bolts.framework; sourceTree = "<group>"; };
		18D24DAD1B8BE6770098F4D9 /* Bridging-Header.h */ = {isa = PBXFileReference; lastKnownFileType = sourcecode.c.h; path = "Bridging-Header.h"; sourceTree = "<group>"; };
		18D24DB11B8BE9A60098F4D9 /* LoginViewController.swift */ = {isa = PBXFileReference; fileEncoding = 4; lastKnownFileType = sourcecode.swift; path = LoginViewController.swift; sourceTree = "<group>"; };
		18E2BEB61BABE1C90066A38C /* TabBarController.swift */ = {isa = PBXFileReference; fileEncoding = 4; lastKnownFileType = sourcecode.swift; path = TabBarController.swift; sourceTree = "<group>"; };
		18E2D6F91B8FE461009783D7 /* BackendAPI.swift */ = {isa = PBXFileReference; fileEncoding = 4; lastKnownFileType = sourcecode.swift; path = BackendAPI.swift; sourceTree = "<group>"; };
		18E2D6FB1B901A87009783D7 /* LocationManager.swift */ = {isa = PBXFileReference; fileEncoding = 4; lastKnownFileType = sourcecode.swift; path = LocationManager.swift; sourceTree = "<group>"; };
		18E2D6FE1B911CDD009783D7 /* Model.swift */ = {isa = PBXFileReference; fileEncoding = 4; lastKnownFileType = sourcecode.swift; path = Model.swift; sourceTree = "<group>"; };
		18E2D7021B925555009783D7 /* NotificationFeed.swift */ = {isa = PBXFileReference; fileEncoding = 4; lastKnownFileType = sourcecode.swift; path = NotificationFeed.swift; sourceTree = "<group>"; };
		18E2D7041B926B3D009783D7 /* HighLevelCalls.swift */ = {isa = PBXFileReference; fileEncoding = 4; lastKnownFileType = sourcecode.swift; path = HighLevelCalls.swift; sourceTree = "<group>"; };
		18F8C05A1BA500AC0035724A /* IntroViewController.swift */ = {isa = PBXFileReference; fileEncoding = 4; lastKnownFileType = sourcecode.swift; path = IntroViewController.swift; sourceTree = "<group>"; };
		18F8C05C1BA504BC0035724A /* UserTable.swift */ = {isa = PBXFileReference; fileEncoding = 4; lastKnownFileType = sourcecode.swift; path = UserTable.swift; sourceTree = "<group>"; };
		18F8C05E1BA54D8D0035724A /* userTableCell.swift */ = {isa = PBXFileReference; fileEncoding = 4; lastKnownFileType = sourcecode.swift; path = userTableCell.swift; sourceTree = "<group>"; };
/* End PBXFileReference section */

/* Begin PBXFrameworksBuildPhase section */
		18B48F201B879B970032C193 /* Frameworks */ = {
			isa = PBXFrameworksBuildPhase;
			buildActionMask = 2147483647;
			files = (
				185C1E431BA0CAFD00D079DC /* libsqlite3.dylib in Frameworks */,
				185C1E411BA0CAF600D079DC /* libz.dylib in Frameworks */,
				185C1E3F1BA0CAED00D079DC /* SystemConfiguration.framework in Frameworks */,
				185C1E3D1BA0CAE600D079DC /* StoreKit.framework in Frameworks */,
				185C1E3B1BA0CAE000D079DC /* Security.framework in Frameworks */,
				185C1E391BA0CAD900D079DC /* QuartzCore.framework in Frameworks */,
				185C1E371BA0CAD200D079DC /* CoreLocation.framework in Frameworks */,
				185C1E351BA0CACB00D079DC /* CoreGraphics.framework in Frameworks */,
				185C1E331BA0CAC200D079DC /* CFNetwork.framework in Frameworks */,
				185C1E311BA0CABC00D079DC /* AudioToolbox.framework in Frameworks */,
				185C1E2A1BA0CA6600D079DC /* Parse.framework in Frameworks */,
				185C1E2B1BA0CA6600D079DC /* ParseCrashReporting.framework in Frameworks */,
				185C1E2D1BA0CA6600D079DC /* ParseFacebookUtilsV4.framework in Frameworks */,
				185C1E2E1BA0CA6600D079DC /* ParseTwitterUtils.framework in Frameworks */,
				185C1E2F1BA0CA6600D079DC /* ParseUI.framework in Frameworks */,
				18D24DAC1B8BE5950098F4D9 /* Bolts.framework in Frameworks */,
				18D24DA61B8BE58E0098F4D9 /* FBAudienceNetwork.framework in Frameworks */,
				18D24DA71B8BE58E0098F4D9 /* FBSDKCoreKit.framework in Frameworks */,
				18D24DA81B8BE58E0098F4D9 /* FBSDKLoginKit.framework in Frameworks */,
				18D24DA91B8BE58E0098F4D9 /* FBSDKMessengerShareKit.framework in Frameworks */,
				18D24DAA1B8BE58E0098F4D9 /* FBSDKShareKit.framework in Frameworks */,
			);
			runOnlyForDeploymentPostprocessing = 0;
		};
		18B48F371B879B970032C193 /* Frameworks */ = {
			isa = PBXFrameworksBuildPhase;
			buildActionMask = 2147483647;
			files = (
			);
			runOnlyForDeploymentPostprocessing = 0;
		};
/* End PBXFrameworksBuildPhase section */

/* Begin PBXGroup section */
		180F71921B980EFA003E1C44 /* ToBeRetired */ = {
			isa = PBXGroup;
			children = (
				18E2D6FE1B911CDD009783D7 /* Model.swift */,
			);
			name = ToBeRetired;
			sourceTree = "<group>";
		};
		18202A691B96D34800D41249 /* ModelStuff */ = {
			isa = PBXGroup;
			children = (
				184A72301B96638E002194B0 /* Hitup.swift */,
				18E2D6F91B8FE461009783D7 /* BackendAPI.swift */,
				184A71F91B965254002194B0 /* HitupModel.xcdatamodeld */,
			);
			name = ModelStuff;
			sourceTree = "<group>";
		};
		18B48F1A1B879B970032C193 = {
			isa = PBXGroup;
			children = (
				18B48F251B879B970032C193 /* HitupMe */,
				18D24D9E1B8BE5790098F4D9 /* Frameworks */,
				18B48F3D1B879B970032C193 /* HitupMeTests */,
				18B48F241B879B970032C193 /* Products */,
			);
			sourceTree = "<group>";
		};
		18B48F241B879B970032C193 /* Products */ = {
			isa = PBXGroup;
			children = (
				18B48F231B879B970032C193 /* HitupMe.app */,
				18B48F3A1B879B970032C193 /* HitupMeTests.xctest */,
			);
			name = Products;
			sourceTree = "<group>";
		};
		18B48F251B879B970032C193 /* HitupMe */ = {
			isa = PBXGroup;
			children = (
				18B48F571B87E8F40032C193 /* Controllers */,
				18B48F521B87B3EB0032C193 /* Custom */,
				18202A691B96D34800D41249 /* ModelStuff */,
				180F71921B980EFA003E1C44 /* ToBeRetired */,
				18B48F581B87E91A0032C193 /* Core Files */,
				18E2D6FD1B901A8C009783D7 /* Open-Sourced */,
				18B48F261B879B970032C193 /* Supporting Files */,
			);
			path = HitupMe;
			sourceTree = "<group>";
		};
		18B48F261B879B970032C193 /* Supporting Files */ = {
			isa = PBXGroup;
			children = (
				18D24DAD1B8BE6770098F4D9 /* Bridging-Header.h */,
				18B48F271B879B970032C193 /* Info.plist */,
				182789CC1B9A9C87003EF969 /* GoogleService-Info.plist */,
			);
			name = "Supporting Files";
			sourceTree = "<group>";
		};
		18B48F3D1B879B970032C193 /* HitupMeTests */ = {
			isa = PBXGroup;
			children = (
				18B48F401B879B970032C193 /* HitupMeTests.swift */,
				18B48F3E1B879B970032C193 /* Supporting Files */,
			);
			path = HitupMeTests;
			sourceTree = "<group>";
		};
		18B48F3E1B879B970032C193 /* Supporting Files */ = {
			isa = PBXGroup;
			children = (
				18B48F3F1B879B970032C193 /* Info.plist */,
			);
			name = "Supporting Files";
			sourceTree = "<group>";
		};
		18B48F521B87B3EB0032C193 /* Custom */ = {
			isa = PBXGroup;
			children = (
				1836611D1BA8C62800C608D6 /* PermissionRelatedCalls.swift */,
				18E2D7041B926B3D009783D7 /* HighLevelCalls.swift */,
				18B48F551B87E02A0032C193 /* Functions.swift */,
				18B48F501B87B3E50032C193 /* HitupCell.swift */,
				18F8C05E1BA54D8D0035724A /* userTableCell.swift */,
				18202A6A1B96D3A300D41249 /* myHitupCell.swift */,
				18D24D9C1B8B9A950098F4D9 /* DetailActionCell.swift */,
				1870DAC81BAD2D89008D04E7 /* HitupAnnotationView.swift */,
				1889CE131BA26AAE00A38C6B /* HitupAnnotation.swift */,
				1870DABC1BACFD35008D04E7 /* HitupCalloutView.swift */,
				1870DAC61BAD075B008D04E7 /* HitupCalloutView.xib */,
			);
			name = Custom;
			sourceTree = "<group>";
		};
		18B48F571B87E8F40032C193 /* Controllers */ = {
			isa = PBXGroup;
			children = (
				18E2BEB61BABE1C90066A38C /* TabBarController.swift */,
				18BFF53C1BAA8C450037CF9D /* BoardingViewController.swift */,
				18F8C05A1BA500AC0035724A /* IntroViewController.swift */,
				18D24DB11B8BE9A60098F4D9 /* LoginViewController.swift */,
				18B48F531B87D8080032C193 /* DefaultNavController.swift */,
				18B48F4A1B879F260032C193 /* HitupFeed.swift */,
				18B48F4C1B87B0280032C193 /* ExploreTable.swift */,
				18B48F4E1B87B2D90032C193 /* MyHitupsTab.swift */,
				18B48F591B87E9370032C193 /* CreateController.swift */,
				18B48F5D1B88FEA90032C193 /* HitupDetailViewController.swift */,
				18E2D7021B925555009783D7 /* NotificationFeed.swift */,
				185C1E451BA2092800D079DC /* ExploreMap.swift */,
				18F8C05C1BA504BC0035724A /* UserTable.swift */,
				1884E5931BAE92230092C1D6 /* ProfileMapView.swift */,
				18BFF53E1BAA8F550037CF9D /* OnboardScreen.swift */,
			);
			name = Controllers;
			sourceTree = "<group>";
		};
		18B48F581B87E91A0032C193 /* Core Files */ = {
			isa = PBXGroup;
			children = (
				18B48F281B879B970032C193 /* AppDelegate.swift */,
				18B48F2E1B879B970032C193 /* Main.storyboard */,
				18B48F311B879B970032C193 /* Images.xcassets */,
				18B48F331B879B970032C193 /* LaunchScreen.xib */,
			);
			name = "Core Files";
			sourceTree = "<group>";
		};
		18D24D9E1B8BE5790098F4D9 /* Frameworks */ = {
			isa = PBXGroup;
			children = (
				185C1E421BA0CAFD00D079DC /* libsqlite3.dylib */,
				185C1E401BA0CAF600D079DC /* libz.dylib */,
				185C1E3E1BA0CAED00D079DC /* SystemConfiguration.framework */,
				185C1E3C1BA0CAE600D079DC /* StoreKit.framework */,
				185C1E3A1BA0CAE000D079DC /* Security.framework */,
				185C1E381BA0CAD900D079DC /* QuartzCore.framework */,
				185C1E361BA0CAD200D079DC /* CoreLocation.framework */,
				185C1E341BA0CACB00D079DC /* CoreGraphics.framework */,
				185C1E321BA0CAC200D079DC /* CFNetwork.framework */,
				185C1E301BA0CABC00D079DC /* AudioToolbox.framework */,
				185C1E241BA0CA6600D079DC /* Parse.framework */,
				185C1E251BA0CA6600D079DC /* ParseCrashReporting.framework */,
				185C1E261BA0CA6600D079DC /* ParseFacebookUtils.framework */,
				185C1E271BA0CA6600D079DC /* ParseFacebookUtilsV4.framework */,
				185C1E281BA0CA6600D079DC /* ParseTwitterUtils.framework */,
				185C1E291BA0CA6600D079DC /* ParseUI.framework */,
				18D24DAB1B8BE5950098F4D9 /* Bolts.framework */,
				18D24D9F1B8BE58E0098F4D9 /* FacebookSDKStrings.bundle */,
				18D24DA01B8BE58E0098F4D9 /* FBAudienceNetwork.framework */,
				18D24DA11B8BE58E0098F4D9 /* FBSDKCoreKit.framework */,
				18D24DA21B8BE58E0098F4D9 /* FBSDKLoginKit.framework */,
				18D24DA31B8BE58E0098F4D9 /* FBSDKMessengerShareKit.framework */,
				18D24DA41B8BE58E0098F4D9 /* FBSDKShareKit.framework */,
			);
			name = Frameworks;
			path = HitupMe;
			sourceTree = "<group>";
		};
		18E2D6FD1B901A8C009783D7 /* Open-Sourced */ = {
			isa = PBXGroup;
			children = (
				18E2D6FB1B901A87009783D7 /* LocationManager.swift */,
			);
			name = "Open-Sourced";
			sourceTree = "<group>";
		};
/* End PBXGroup section */

/* Begin PBXNativeTarget section */
		18B48F221B879B970032C193 /* HitupMe */ = {
			isa = PBXNativeTarget;
			buildConfigurationList = 18B48F441B879B970032C193 /* Build configuration list for PBXNativeTarget "HitupMe" */;
			buildPhases = (
				18B48F1F1B879B970032C193 /* Sources */,
				18B48F201B879B970032C193 /* Frameworks */,
				18B48F211B879B970032C193 /* Resources */,
			);
			buildRules = (
			);
			dependencies = (
			);
			name = HitupMe;
			productName = HitupMe;
			productReference = 18B48F231B879B970032C193 /* HitupMe.app */;
			productType = "com.apple.product-type.application";
		};
		18B48F391B879B970032C193 /* HitupMeTests */ = {
			isa = PBXNativeTarget;
			buildConfigurationList = 18B48F471B879B970032C193 /* Build configuration list for PBXNativeTarget "HitupMeTests" */;
			buildPhases = (
				18B48F361B879B970032C193 /* Sources */,
				18B48F371B879B970032C193 /* Frameworks */,
				18B48F381B879B970032C193 /* Resources */,
			);
			buildRules = (
			);
			dependencies = (
				18B48F3C1B879B970032C193 /* PBXTargetDependency */,
			);
			name = HitupMeTests;
			productName = HitupMeTests;
			productReference = 18B48F3A1B879B970032C193 /* HitupMeTests.xctest */;
			productType = "com.apple.product-type.bundle.unit-test";
		};
/* End PBXNativeTarget section */

/* Begin PBXProject section */
		18B48F1B1B879B970032C193 /* Project object */ = {
			isa = PBXProject;
			attributes = {
				LastUpgradeCheck = 0640;
				ORGANIZATIONNAME = HitupDev;
				TargetAttributes = {
					18B48F221B879B970032C193 = {
						CreatedOnToolsVersion = 6.4;
						DevelopmentTeam = 424998QXAH;
						SystemCapabilities = {
							com.apple.BackgroundModes = {
								enabled = 1;
							};
						};
					};
					18B48F391B879B970032C193 = {
						CreatedOnToolsVersion = 6.4;
						TestTargetID = 18B48F221B879B970032C193;
					};
				};
			};
			buildConfigurationList = 18B48F1E1B879B970032C193 /* Build configuration list for PBXProject "HitupMe" */;
			compatibilityVersion = "Xcode 3.2";
			developmentRegion = English;
			hasScannedForEncodings = 0;
			knownRegions = (
				en,
				Base,
			);
			mainGroup = 18B48F1A1B879B970032C193;
			productRefGroup = 18B48F241B879B970032C193 /* Products */;
			projectDirPath = "";
			projectRoot = "";
			targets = (
				18B48F221B879B970032C193 /* HitupMe */,
				18B48F391B879B970032C193 /* HitupMeTests */,
			);
		};
/* End PBXProject section */

/* Begin PBXResourcesBuildPhase section */
		18B48F211B879B970032C193 /* Resources */ = {
			isa = PBXResourcesBuildPhase;
			buildActionMask = 2147483647;
			files = (
				18B48F301B879B970032C193 /* Main.storyboard in Resources */,
				18B48F351B879B970032C193 /* LaunchScreen.xib in Resources */,
				182789CD1B9A9C87003EF969 /* GoogleService-Info.plist in Resources */,
				18B48F321B879B970032C193 /* Images.xcassets in Resources */,
				1870DAC71BAD075B008D04E7 /* HitupCalloutView.xib in Resources */,
				18D24DA51B8BE58E0098F4D9 /* FacebookSDKStrings.bundle in Resources */,
			);
			runOnlyForDeploymentPostprocessing = 0;
		};
		18B48F381B879B970032C193 /* Resources */ = {
			isa = PBXResourcesBuildPhase;
			buildActionMask = 2147483647;
			files = (
			);
			runOnlyForDeploymentPostprocessing = 0;
		};
/* End PBXResourcesBuildPhase section */

/* Begin PBXSourcesBuildPhase section */
		18B48F1F1B879B970032C193 /* Sources */ = {
			isa = PBXSourcesBuildPhase;
			buildActionMask = 2147483647;
			files = (
				18D24D9D1B8B9A950098F4D9 /* DetailActionCell.swift in Sources */,
				18B48F4B1B879F260032C193 /* HitupFeed.swift in Sources */,
				1870DABD1BACFD35008D04E7 /* HitupCalloutView.swift in Sources */,
				18B48F5E1B88FEA90032C193 /* HitupDetailViewController.swift in Sources */,
				1870DAC91BAD2D89008D04E7 /* HitupAnnotationView.swift in Sources */,
				18B48F5A1B87E9370032C193 /* CreateController.swift in Sources */,
				18F8C05D1BA504BC0035724A /* UserTable.swift in Sources */,
				18B48F4D1B87B0280032C193 /* ExploreTable.swift in Sources */,
				18BFF53D1BAA8C450037CF9D /* BoardingViewController.swift in Sources */,
				18E2D6FA1B8FE461009783D7 /* BackendAPI.swift in Sources */,
				18E2D7051B926B3D009783D7 /* HighLevelCalls.swift in Sources */,
				1884E5941BAE92230092C1D6 /* ProfileMapView.swift in Sources */,
				18B48F561B87E02A0032C193 /* Functions.swift in Sources */,
				18BFF53F1BAA8F550037CF9D /* OnboardScreen.swift in Sources */,
				18E2D6FF1B911CDD009783D7 /* Model.swift in Sources */,
				18B48F511B87B3E50032C193 /* HitupCell.swift in Sources */,
				1889CE141BA26AAE00A38C6B /* HitupAnnotation.swift in Sources */,
				18B48F541B87D8090032C193 /* DefaultNavController.swift in Sources */,
				1836611E1BA8C62800C608D6 /* PermissionRelatedCalls.swift in Sources */,
				18F8C05F1BA54D8D0035724A /* userTableCell.swift in Sources */,
				184A72311B96638E002194B0 /* Hitup.swift in Sources */,
				185C1E461BA2092800D079DC /* ExploreMap.swift in Sources */,
				18202A6B1B96D3A300D41249 /* myHitupCell.swift in Sources */,
				18B48F4F1B87B2D90032C193 /* MyHitupsTab.swift in Sources */,
				184A71FB1B965254002194B0 /* HitupModel.xcdatamodeld in Sources */,
				18B48F291B879B970032C193 /* AppDelegate.swift in Sources */,
				18D24DB21B8BE9A60098F4D9 /* LoginViewController.swift in Sources */,
				18F8C05B1BA500AC0035724A /* IntroViewController.swift in Sources */,
				18E2BEB71BABE1C90066A38C /* TabBarController.swift in Sources */,
				18E2D6FC1B901A87009783D7 /* LocationManager.swift in Sources */,
				18E2D7031B925555009783D7 /* NotificationFeed.swift in Sources */,
			);
			runOnlyForDeploymentPostprocessing = 0;
		};
		18B48F361B879B970032C193 /* Sources */ = {
			isa = PBXSourcesBuildPhase;
			buildActionMask = 2147483647;
			files = (
				18B48F411B879B970032C193 /* HitupMeTests.swift in Sources */,
			);
			runOnlyForDeploymentPostprocessing = 0;
		};
/* End PBXSourcesBuildPhase section */

/* Begin PBXTargetDependency section */
		18B48F3C1B879B970032C193 /* PBXTargetDependency */ = {
			isa = PBXTargetDependency;
			target = 18B48F221B879B970032C193 /* HitupMe */;
			targetProxy = 18B48F3B1B879B970032C193 /* PBXContainerItemProxy */;
		};
/* End PBXTargetDependency section */

/* Begin PBXVariantGroup section */
		18B48F2E1B879B970032C193 /* Main.storyboard */ = {
			isa = PBXVariantGroup;
			children = (
				18B48F2F1B879B970032C193 /* Base */,
			);
			name = Main.storyboard;
			sourceTree = "<group>";
		};
		18B48F331B879B970032C193 /* LaunchScreen.xib */ = {
			isa = PBXVariantGroup;
			children = (
				18B48F341B879B970032C193 /* Base */,
			);
			name = LaunchScreen.xib;
			sourceTree = "<group>";
		};
/* End PBXVariantGroup section */

/* Begin XCBuildConfiguration section */
		18B48F421B879B970032C193 /* Debug */ = {
			isa = XCBuildConfiguration;
			buildSettings = {
				ALWAYS_SEARCH_USER_PATHS = NO;
				CLANG_CXX_LANGUAGE_STANDARD = "gnu++0x";
				CLANG_CXX_LIBRARY = "libc++";
				CLANG_ENABLE_MODULES = YES;
				CLANG_ENABLE_OBJC_ARC = YES;
				CLANG_WARN_BOOL_CONVERSION = YES;
				CLANG_WARN_CONSTANT_CONVERSION = YES;
				CLANG_WARN_DIRECT_OBJC_ISA_USAGE = YES_ERROR;
				CLANG_WARN_EMPTY_BODY = YES;
				CLANG_WARN_ENUM_CONVERSION = YES;
				CLANG_WARN_INT_CONVERSION = YES;
				CLANG_WARN_OBJC_ROOT_CLASS = YES_ERROR;
				CLANG_WARN_UNREACHABLE_CODE = YES;
				CLANG_WARN__DUPLICATE_METHOD_MATCH = YES;
				CODE_SIGN_IDENTITY = "iPhone Distribution: Arthur Shir (424998QXAH)";
				"CODE_SIGN_IDENTITY[sdk=iphoneos*]" = "iPhone Developer";
				COPY_PHASE_STRIP = NO;
				DEBUG_INFORMATION_FORMAT = "dwarf-with-dsym";
				ENABLE_STRICT_OBJC_MSGSEND = YES;
				GCC_C_LANGUAGE_STANDARD = gnu99;
				GCC_DYNAMIC_NO_PIC = NO;
				GCC_NO_COMMON_BLOCKS = YES;
				GCC_OPTIMIZATION_LEVEL = 0;
				GCC_PREPROCESSOR_DEFINITIONS = (
					"DEBUG=1",
					"$(inherited)",
				);
				GCC_SYMBOLS_PRIVATE_EXTERN = NO;
				GCC_WARN_64_TO_32_BIT_CONVERSION = YES;
				GCC_WARN_ABOUT_RETURN_TYPE = YES_ERROR;
				GCC_WARN_UNDECLARED_SELECTOR = YES;
				GCC_WARN_UNINITIALIZED_AUTOS = YES_AGGRESSIVE;
				GCC_WARN_UNUSED_FUNCTION = YES;
				GCC_WARN_UNUSED_VARIABLE = YES;
				IPHONEOS_DEPLOYMENT_TARGET = 8.4;
				MTL_ENABLE_DEBUG_INFO = YES;
				ONLY_ACTIVE_ARCH = YES;
				SDKROOT = iphoneos;
				SWIFT_OPTIMIZATION_LEVEL = "-Onone";
			};
			name = Debug;
		};
		18B48F431B879B970032C193 /* Release */ = {
			isa = XCBuildConfiguration;
			buildSettings = {
				ALWAYS_SEARCH_USER_PATHS = NO;
				CLANG_CXX_LANGUAGE_STANDARD = "gnu++0x";
				CLANG_CXX_LIBRARY = "libc++";
				CLANG_ENABLE_MODULES = YES;
				CLANG_ENABLE_OBJC_ARC = YES;
				CLANG_WARN_BOOL_CONVERSION = YES;
				CLANG_WARN_CONSTANT_CONVERSION = YES;
				CLANG_WARN_DIRECT_OBJC_ISA_USAGE = YES_ERROR;
				CLANG_WARN_EMPTY_BODY = YES;
				CLANG_WARN_ENUM_CONVERSION = YES;
				CLANG_WARN_INT_CONVERSION = YES;
				CLANG_WARN_OBJC_ROOT_CLASS = YES_ERROR;
				CLANG_WARN_UNREACHABLE_CODE = YES;
				CLANG_WARN__DUPLICATE_METHOD_MATCH = YES;
				CODE_SIGN_IDENTITY = "iPhone Distribution: Arthur Shir (424998QXAH)";
				"CODE_SIGN_IDENTITY[sdk=iphoneos*]" = "iPhone Developer";
				COPY_PHASE_STRIP = NO;
				DEBUG_INFORMATION_FORMAT = "dwarf-with-dsym";
				ENABLE_NS_ASSERTIONS = NO;
				ENABLE_STRICT_OBJC_MSGSEND = YES;
				GCC_C_LANGUAGE_STANDARD = gnu99;
				GCC_NO_COMMON_BLOCKS = YES;
				GCC_WARN_64_TO_32_BIT_CONVERSION = YES;
				GCC_WARN_ABOUT_RETURN_TYPE = YES_ERROR;
				GCC_WARN_UNDECLARED_SELECTOR = YES;
				GCC_WARN_UNINITIALIZED_AUTOS = YES_AGGRESSIVE;
				GCC_WARN_UNUSED_FUNCTION = YES;
				GCC_WARN_UNUSED_VARIABLE = YES;
				IPHONEOS_DEPLOYMENT_TARGET = 8.4;
				MTL_ENABLE_DEBUG_INFO = NO;
				SDKROOT = iphoneos;
				VALIDATE_PRODUCT = YES;
			};
			name = Release;
		};
		18B48F451B879B970032C193 /* Debug */ = {
			isa = XCBuildConfiguration;
			buildSettings = {
				ASSETCATALOG_COMPILER_APPICON_NAME = AppIcon;
				CODE_SIGN_IDENTITY = "iPhone Developer";
				"CODE_SIGN_IDENTITY[sdk=iphoneos*]" = "iPhone Developer";
				FRAMEWORK_SEARCH_PATHS = (
					"$(inherited)",
					"$(PROJECT_DIR)/HitupMe",
				);
				INFOPLIST_FILE = HitupMe/Info.plist;
				IPHONEOS_DEPLOYMENT_TARGET = 8.0;
				LD_RUNPATH_SEARCH_PATHS = "$(inherited) @executable_path/Frameworks";
				PRODUCT_NAME = "$(TARGET_NAME)";
				PROVISIONING_PROFILE = "73554e38-8b55-4310-8de1-c9a3fd6d7c1b";
				SWIFT_OBJC_BRIDGING_HEADER = "HitupMe/Bridging-Header.h";
			};
			name = Debug;
		};
		18B48F461B879B970032C193 /* Release */ = {
			isa = XCBuildConfiguration;
			buildSettings = {
				ASSETCATALOG_COMPILER_APPICON_NAME = AppIcon;
				CODE_SIGN_IDENTITY = "iPhone Developer";
				"CODE_SIGN_IDENTITY[sdk=iphoneos*]" = "iPhone Developer";
				FRAMEWORK_SEARCH_PATHS = (
					"$(inherited)",
					"$(PROJECT_DIR)/HitupMe",
				);
				INFOPLIST_FILE = HitupMe/Info.plist;
				IPHONEOS_DEPLOYMENT_TARGET = 8.0;
				LD_RUNPATH_SEARCH_PATHS = "$(inherited) @executable_path/Frameworks";
				PRODUCT_NAME = "$(TARGET_NAME)";
				PROVISIONING_PROFILE = "73554e38-8b55-4310-8de1-c9a3fd6d7c1b";
				SWIFT_OBJC_BRIDGING_HEADER = "HitupMe/Bridging-Header.h";
			};
			name = Release;
		};
		18B48F481B879B970032C193 /* Debug */ = {
			isa = XCBuildConfiguration;
			buildSettings = {
				BUNDLE_LOADER = "$(TEST_HOST)";
				FRAMEWORK_SEARCH_PATHS = (
					"$(SDKROOT)/Developer/Library/Frameworks",
					"$(inherited)",
				);
				GCC_PREPROCESSOR_DEFINITIONS = (
					"DEBUG=1",
					"$(inherited)",
				);
				INFOPLIST_FILE = HitupMeTests/Info.plist;
				LD_RUNPATH_SEARCH_PATHS = "$(inherited) @executable_path/Frameworks @loader_path/Frameworks";
				PRODUCT_NAME = "$(TARGET_NAME)";
				TEST_HOST = "$(BUILT_PRODUCTS_DIR)/HitupMe.app/HitupMe";
			};
			name = Debug;
		};
		18B48F491B879B970032C193 /* Release */ = {
			isa = XCBuildConfiguration;
			buildSettings = {
				BUNDLE_LOADER = "$(TEST_HOST)";
				FRAMEWORK_SEARCH_PATHS = (
					"$(SDKROOT)/Developer/Library/Frameworks",
					"$(inherited)",
				);
				INFOPLIST_FILE = HitupMeTests/Info.plist;
				LD_RUNPATH_SEARCH_PATHS = "$(inherited) @executable_path/Frameworks @loader_path/Frameworks";
				PRODUCT_NAME = "$(TARGET_NAME)";
				TEST_HOST = "$(BUILT_PRODUCTS_DIR)/HitupMe.app/HitupMe";
			};
			name = Release;
		};
/* End XCBuildConfiguration section */

/* Begin XCConfigurationList section */
		18B48F1E1B879B970032C193 /* Build configuration list for PBXProject "HitupMe" */ = {
			isa = XCConfigurationList;
			buildConfigurations = (
				18B48F421B879B970032C193 /* Debug */,
				18B48F431B879B970032C193 /* Release */,
			);
			defaultConfigurationIsVisible = 0;
			defaultConfigurationName = Release;
		};
		18B48F441B879B970032C193 /* Build configuration list for PBXNativeTarget "HitupMe" */ = {
			isa = XCConfigurationList;
			buildConfigurations = (
				18B48F451B879B970032C193 /* Debug */,
				18B48F461B879B970032C193 /* Release */,
			);
			defaultConfigurationIsVisible = 0;
			defaultConfigurationName = Release;
		};
		18B48F471B879B970032C193 /* Build configuration list for PBXNativeTarget "HitupMeTests" */ = {
			isa = XCConfigurationList;
			buildConfigurations = (
				18B48F481B879B970032C193 /* Debug */,
				18B48F491B879B970032C193 /* Release */,
			);
			defaultConfigurationIsVisible = 0;
			defaultConfigurationName = Release;
		};
/* End XCConfigurationList section */

/* Begin XCVersionGroup section */
		184A71F91B965254002194B0 /* HitupModel.xcdatamodeld */ = {
			isa = XCVersionGroup;
			children = (
				184A71FA1B965254002194B0 /* HitupModel.xcdatamodel */,
			);
			currentVersion = 184A71FA1B965254002194B0 /* HitupModel.xcdatamodel */;
			path = HitupModel.xcdatamodeld;
			sourceTree = "<group>";
			versionGroupType = wrapper.xcdatamodel;
		};
/* End XCVersionGroup section */
	};
	rootObject = 18B48F1B1B879B970032C193 /* Project object */;
}
